{
  "lockfileVersion": 1,
  "configVersion": 1,
  "workspaces": {
    "": {
      "name": "arkenv-example-with-bun-react",
      "dependencies": {
        "@arkenv/bun-plugin": "^0.1.6",
        "arkenv": "^0.11.0",
        "arktype": "^2.2.0",
        "react": "^19.2.5",
        "react-dom": "^19.2.5",
      },
      "devDependencies": {
        "@types/bun": "^1.3.12",
        "@types/react": "^19.2.14",
        "@types/react-dom": "^19.2.3",
        "rimraf": "^6.1.3",
      },
    },
  },
  "packages": {
    "@ark/schema": ["@ark/schema@0.56.0", "", { "dependencies": { "@ark/util": "0.56.0" } }, "sha512-ECg3hox/6Z/nLajxXqNhgPtNdHWC9zNsDyskwO28WinoFEnWow4IsERNz9AnXRhTZJnYIlAJ4uGn3nlLk65vZA=="],

    "@ark/util": ["@ark/util@0.56.0", "", {}, "sha512-BghfRC8b9pNs3vBoDJhcta0/c1J1rsoS1+HgVUreMFPdhz/CRAKReAu57YEllNaSy98rWAdY1gE+gFup7OXpgA=="],

    "@arkenv/bun-plugin": ["@arkenv/bun-plugin@0.1.6", "", { "dependencies": { "arkenv": "0.11.0" }, "peerDependencies": { "arktype": "^2.1.22", "bun": "^1.0.0" } }, "sha512-mtmZLlkxHOkm8cKM1r5GG6eeAPMXbiQeekfIUyWEVoLk3WP5vEvQXYxtLILRe5Zq0AOyPpaRT/ECnAmJXWZx3w=="],

    "@oven/bun-darwin-aarch64": ["@oven/bun-darwin-aarch64@1.3.13", "", { "os": "darwin", "cpu": "arm64" }, "sha512-qAS6Hg8Q14ckfBuqJ2Zh7gBQSVSUHeibSq4OFqBTv6DzyJuxYlr0sdYQzmYmnbPxbqobekqUDTa/4XEaqRi7vg=="],

    "@oven/bun-darwin-x64": ["@oven/bun-darwin-x64@1.3.13", "", { "os": "darwin", "cpu": "x64" }, "sha512-kGePeDD4IN4imo+H4uLjQGZLmvyYQg+nKr2P0nt4ksXXrWA4HE+mb0/TUPHfRI127DocXQpew+fvrHuHR5mpJQ=="],

    "@oven/bun-darwin-x64-baseline": ["@oven/bun-darwin-x64-baseline@1.3.13", "", { "os": "darwin", "cpu": "x64" }, "sha512-gMEQayUpmCPYaE9zkNBj9TiQqHupnhjOYcuSzxFjzIjHJBUO4VjNnrpbKVeXNs+rKHFothORDd2QKquu5paSPQ=="],

    "@oven/bun-linux-aarch64": ["@oven/bun-linux-aarch64@1.3.13", "", { "os": "linux", "cpu": "arm64" }, "sha512-NbLOJdr+RBFO1vFZ2YUFg4oVJ+2ua6zrwo4ZWRs0jKKcGJWtbY2wY5uz+i0PkwH6b9HYaYDgVTzE4ev06ncYZw=="],

    "@oven/bun-linux-aarch64-musl": ["@oven/bun-linux-aarch64-musl@1.3.13", "", { "os": "linux", "cpu": "arm64" }, "sha512-UV9EE18VE5aRhWtV2L6MTAGGn3slhJJ2OW/m+FJM15maHm0qf1V7TaZY0FovxhdQRvnklSiQ7Ntv0H5TUX4w0g=="],

    "@oven/bun-linux-x64": ["@oven/bun-linux-x64@1.3.13", "", { "os": "linux", "cpu": "x64" }, "sha512-UwttIUXoe9fS+40OcjoaRHgZw+HCPFqBVWEXkXqAJ3W7wA0XPZrWsoMAD9sGh3TaLqrwdiMo5xPogwpXhOtVXA=="],

    "@oven/bun-linux-x64-baseline": ["@oven/bun-linux-x64-baseline@1.3.13", "", { "os": "linux", "cpu": "x64" }, "sha512-fOi4ziKzgJG4UrrNd4AicBs6Fu9GY5xOqg+9tC76nuZNDAdSh6++kzab6TNi1Ck0Yzq6zIBIdGit6/0uSbBn8A=="],

    "@oven/bun-linux-x64-musl": ["@oven/bun-linux-x64-musl@1.3.13", "", { "os": "linux", "cpu": "x64" }, "sha512-+VHhE44kEjCXcTFHyc81zfTxL9+vzh9RqIh7gM1iWNhxpctD9kzntbUkP3UTFTwwNjoou1o8VRyxQafvc4OepA=="],

    "@oven/bun-linux-x64-musl-baseline": ["@oven/bun-linux-x64-musl-baseline@1.3.13", "", { "os": "linux", "cpu": "x64" }, "sha512-fqBKuiiWLEu2dVkowZaXgKS98xfrvBqivdoxRtRP3eINcpI1dcelGbsOz+Xphn7tbGAuBiE1/0AelvvvdqS9rg=="],

    "@oven/bun-windows-aarch64": ["@oven/bun-windows-aarch64@1.3.13", "", { "os": "win32", "cpu": "arm64" }, "sha512-+EvdRWRCRg95Xea4M2lqSJFTjzQBTJDQTMlbG8bmwFkVTN16MdmSH7xhfxVQWUOyZBLEpIwuNFIlBBxVCwSUyQ=="],

    "@oven/bun-windows-x64": ["@oven/bun-windows-x64@1.3.13", "", { "os": "win32", "cpu": "x64" }, "sha512-vqDEFX63ZZQF3YstPSpPD+RxNm5AILPdUuuKpNwsj7ld4NjhdHUYkAmLXDtKNWt9JMRL10bop//W8faY/LV+RQ=="],

    "@oven/bun-windows-x64-baseline": ["@oven/bun-windows-x64-baseline@1.3.13", "", { "os": "win32", "cpu": "x64" }, "sha512-6gy4hhQSjq/T/S9hC9m3NxY0RY+9Ww+XNlB+8koIMTsMSYEjk7Ho+hFHQz1Bn4W61Ub7Vykufg+jgDgPfa2GFA=="],

    "@types/bun": ["@types/bun@1.3.12", "", { "dependencies": { "bun-types": "1.3.12" } }, "sha512-DBv81elK+/VSwXHDlnH3Qduw+KxkTIWi7TXkAeh24zpi5l0B2kUg9Ga3tb4nJaPcOFswflgi/yAvMVBPrxMB+A=="],

    "@types/node": ["@types/node@25.6.0", "", { "dependencies": { "undici-types": "~7.19.0" } }, "sha512-+qIYRKdNYJwY3vRCZMdJbPLJAtGjQBudzZzdzwQYkEPQd+PJGixUL5QfvCLDaULoLv+RhT3LDkwEfKaAkgSmNQ=="],

    "@types/react": ["@types/react@19.2.14", "", { "dependencies": { "csstype": "^3.2.2" } }, "sha512-ilcTH/UniCkMdtexkoCN0bI7pMcJDvmQFPvuPvmEaYA/NSfFTAgdUSLAoVjaRJm7+6PvcM+q1zYOwS4wTYMF9w=="],

    "@types/react-dom": ["@types/react-dom@19.2.3", "", { "peerDependencies": { "@types/react": "^19.2.0" } }, "sha512-jp2L/eY6fn+KgVVQAOqYItbF0VY/YApe5Mz2F0aykSO8gx31bYCZyvSeYxCHKvzHG5eZjc+zyaS5BrBWya2+kQ=="],

    "arkenv": ["arkenv@0.11.0", "", { "peerDependencies": { "arktype": "^2.1.22" }, "optionalPeers": ["arktype"] }, "sha512-XLVk3uiNRwlaqJiRWqVGz5y75P30DczxuupzVz3EEbs2j539ftwusvlK+5y/MOIerUbskSpsm6c6B61YMr/UPA=="],

    "arkregex": ["arkregex@0.0.5", "", { "dependencies": { "@ark/util": "0.56.0" } }, "sha512-ncYjBdLlh5/QnVsAA8De16Tc9EqmYM7y/WU9j+236KcyYNUXogpz3sC4ATIZYzzLxwI+0sEOaQLEmLmRleaEXw=="],

    "arktype": ["arktype@2.2.0", "", { "dependencies": { "@ark/schema": "0.56.0", "@ark/util": "0.56.0", "arkregex": "0.0.5" } }, "sha512-t54MZ7ti5BhOEvzEkgKnWvqj+UbDfWig+DHr5I34xatymPusKLS0lQpNJd8M6DzmIto2QGszHfNKoFIT8tMCZQ=="],

    "balanced-match": ["balanced-match@4.0.4", "", {}, "sha512-BLrgEcRTwX2o6gGxGOCNyMvGSp35YofuYzw9h1IMTRmKqttAZZVU67bdb9Pr2vUHA8+j3i2tJfjO6C6+4myGTA=="],

    "brace-expansion": ["brace-expansion@5.0.5", "", { "dependencies": { "balanced-match": "^4.0.2" } }, "sha512-VZznLgtwhn+Mact9tfiwx64fA9erHH/MCXEUfB/0bX/6Fz6ny5EGTXYltMocqg4xFAQZtnO3DHWWXi8RiuN7cQ=="],

    "bun": ["bun@1.3.13", "", { "optionalDependencies": { "@oven/bun-darwin-aarch64": "1.3.13", "@oven/bun-darwin-x64": "1.3.13", "@oven/bun-darwin-x64-baseline": "1.3.13", "@oven/bun-linux-aarch64": "1.3.13", "@oven/bun-linux-aarch64-musl": "1.3.13", "@oven/bun-linux-x64": "1.3.13", "@oven/bun-linux-x64-baseline": "1.3.13", "@oven/bun-linux-x64-musl": "1.3.13", "@oven/bun-linux-x64-musl-baseline": "1.3.13", "@oven/bun-windows-aarch64": "1.3.13", "@oven/bun-windows-x64": "1.3.13", "@oven/bun-windows-x64-baseline": "1.3.13" }, "os": [ "linux", "win32", "darwin", ], "cpu": [ "x64", "arm64", ], "bin": { "bun": "bin/bun.exe", "bunx": "bin/bunx.exe" } }, "sha512-b9T4xZ8KqCHs4+TkHJv540LG1B8OD7noKu0Qaizusx3jFtMDHY6osNqgbaOlwW2B8RB2AKzz+sjzlGKIGxIjZw=="],

    "bun-types": ["bun-types@1.3.12", "", { "dependencies": { "@types/node": "*" } }, "sha512-HqOLj5PoFajAQciOMRiIZGNoKxDJSr6qigAttOX40vJuSp6DN/CxWp9s3C1Xwm4oH7ybueITwiaOcWXoYVoRkA=="],

    "csstype": ["csstype@3.2.3", "", {}, "sha512-z1HGKcYy2xA8AGQfwrn0PAy+PB7X/GSj3UVJW9qKyn43xWa+gl5nXmU4qqLMRzWVLFC8KusUX8T/0kCiOYpAIQ=="],

    "glob": ["glob@13.0.6", "", { "dependencies": { "minimatch": "^10.2.2", "minipass": "^7.1.3", "path-scurry": "^2.0.2" } }, "sha512-Wjlyrolmm8uDpm/ogGyXZXb1Z+Ca2B8NbJwqBVg0axK9GbBeoS7yGV6vjXnYdGm6X53iehEuxxbyiKp8QmN4Vw=="],

    "lru-cache": ["lru-cache@11.3.5", "", {}, "sha512-NxVFwLAnrd9i7KUBxC4DrUhmgjzOs+1Qm50D3oF1/oL+r1NpZ4gA7xvG0/zJ8evR7zIKn4vLf7qTNduWFtCrRw=="],

    "minimatch": ["minimatch@10.2.5", "", { "dependencies": { "brace-expansion": "^5.0.5" } }, "sha512-MULkVLfKGYDFYejP07QOurDLLQpcjk7Fw+7jXS2R2czRQzR56yHRveU5NDJEOviH+hETZKSkIk5c+T23GjFUMg=="],

    "minipass": ["minipass@7.1.3", "", {}, "sha512-tEBHqDnIoM/1rXME1zgka9g6Q2lcoCkxHLuc7ODJ5BxbP5d4c2Z5cGgtXAku59200Cx7diuHTOYfSBD8n6mm8A=="],

    "package-json-from-dist": ["package-json-from-dist@1.0.1", "", {}, "sha512-UEZIS3/by4OC8vL3P2dTXRETpebLI2NiI5vIrjaD/5UtrkFX/tNbwjTSRAGC/+7CAo2pIcBaRgWmcBBHcsaCIw=="],

    "path-scurry": ["path-scurry@2.0.2", "", { "dependencies": { "lru-cache": "^11.0.0", "minipass": "^7.1.2" } }, "sha512-3O/iVVsJAPsOnpwWIeD+d6z/7PmqApyQePUtCndjatj/9I5LylHvt5qluFaBT3I5h3r1ejfR056c+FCv+NnNXg=="],

    "react": ["react@19.2.5", "", {}, "sha512-llUJLzz1zTUBrskt2pwZgLq59AemifIftw4aB7JxOqf1HY2FDaGDxgwpAPVzHU1kdWabH7FauP4i1oEeer2WCA=="],

    "react-dom": ["react-dom@19.2.5", "", { "dependencies": { "scheduler": "^0.27.0" }, "peerDependencies": { "react": "^19.2.5" } }, "sha512-J5bAZz+DXMMwW/wV3xzKke59Af6CHY7G4uYLN1OvBcKEsWOs4pQExj86BBKamxl/Ik5bx9whOrvBlSDfWzgSag=="],

    "rimraf": ["rimraf@6.1.3", "", { "dependencies": { "glob": "^13.0.3", "package-json-from-dist": "^1.0.1" }, "bin": { "rimraf": "dist/esm/bin.mjs" } }, "sha512-LKg+Cr2ZF61fkcaK1UdkH2yEBBKnYjTyWzTJT6KNPcSPaiT7HSdhtMXQuN5wkTX0Xu72KQ1l8S42rlmexS2hSA=="],

    "scheduler": ["scheduler@0.27.0", "", {}, "sha512-eNv+WrVbKu1f3vbYJT/xtiF5syA5HPIMtf9IgY/nKg0sWqzAUEvqY/xm7OcZc/qafLx/iO9FgOmeSAp4v5ti/Q=="],

    "undici-types": ["undici-types@7.19.2", "", {}, "sha512-qYVnV5OEm2AW8cJMCpdV20CDyaN3g0AjDlOGf1OW4iaDEx8MwdtChUp4zu4H0VP3nDRF/8RKWH+IPp9uW0YGZg=="],
  }
}
