{
	"name": "arkenv-example-mix-and-match",
	"lockfileVersion": 3,
	"requires": true,
	"packages": {
		"": {
			"name": "arkenv-example-mix-and-match",
			"dependencies": {
				"@arkenv/core": "1.0.0-rc.1",
				"valibot": "^1.3.1",
				"zod": "^4.4.1"
			},
			"devDependencies": {
				"@nubjs/nub": "^0.9.3",
				"rimraf": "^6.1.3",
				"typescript": "^6.0.3"
			}
		},
		"node_modules/@arkenv/core": {
			"version": "1.0.0-rc.1",
			"resolved": "https://registry.npmjs.org/@arkenv/core/-/core-1.0.0-rc.1.tgz",
			"integrity": "sha512-+GAifcTYJ7vKdbnSqO7y74GiQBvc0cr6fg/SYuUfo44k5MrM4nGj7+JHRD/ZME22RLygfoFvvR25+QQSPd0n7g==",
			"license": "MIT",
			"peerDependencies": {
				"arktype": "^2.1.22"
			}
		},
		"node_modules/@nubjs/nub": {
			"version": "0.9.3",
			"resolved": "https://registry.npmjs.org/@nubjs/nub/-/nub-0.9.3.tgz",
			"integrity": "sha512-y+7iFyRFRaTmHXJeQXvnkutfhCH2D7f0WHIhbC/h9O911cp9VaPShxc/dIKL4bY6SBBGPIa9R6CcpFrURkKr7A==",
			"dev": true,
			"hasInstallScript": true,
			"license": "MIT",
			"bin": {
				"nub": "bin/nub",
				"nubr": "bin/nubr",
				"nubx": "bin/nubx"
			},
			"engines": {
				"node": ">=18.19.0"
			},
			"optionalDependencies": {
				"@nubjs/nub-darwin-arm64": "0.9.3",
				"@nubjs/nub-darwin-x64": "0.9.3",
				"@nubjs/nub-linux-arm64": "0.9.3",
				"@nubjs/nub-linux-arm64-musl": "0.9.3",
				"@nubjs/nub-linux-x64": "0.9.3",
				"@nubjs/nub-linux-x64-musl": "0.9.3",
				"@nubjs/nub-win32-arm64": "0.9.3",
				"@nubjs/nub-win32-x64": "0.9.3"
			}
		},
		"node_modules/@nubjs/nub-darwin-arm64": {
			"version": "0.9.3",
			"resolved": "https://registry.npmjs.org/@nubjs/nub-darwin-arm64/-/nub-darwin-arm64-0.9.3.tgz",
			"integrity": "sha512-cKEt0WUuV9OdyKhDl/VRc/k/QdfVgERT/P/3K1PxkCKiRl2/qveH5+1YKaGGWPGjGTyUvIeHQ5i1TxjuDYHXOg==",
			"cpu": [
				"arm64"
			],
			"dev": true,
			"license": "MIT",
			"optional": true,
			"os": [
				"darwin"
			]
		},
		"node_modules/@nubjs/nub-darwin-x64": {
			"version": "0.9.3",
			"resolved": "https://registry.npmjs.org/@nubjs/nub-darwin-x64/-/nub-darwin-x64-0.9.3.tgz",
			"integrity": "sha512-0fAQKb0/ImavRecYA7x9CGNIqZRPtUBxy82M7qgpo2ujqrB88iiTeDIUlCcYj4VfC1Fk3InCy2w7g7Nzbg7RaQ==",
			"cpu": [
				"x64"
			],
			"dev": true,
			"license": "MIT",
			"optional": true,
			"os": [
				"darwin"
			]
		},
		"node_modules/@nubjs/nub-linux-arm64": {
			"version": "0.9.3",
			"resolved": "https://registry.npmjs.org/@nubjs/nub-linux-arm64/-/nub-linux-arm64-0.9.3.tgz",
			"integrity": "sha512-9NmcdYUTE7P/6fM3i5k//UtM/Kh9+51FygHF120UGDsG5uBBT+yDmwrccWGtvkq/9NHDqgDD0JA+SxppDovuDQ==",
			"cpu": [
				"arm64"
			],
			"dev": true,
			"license": "MIT",
			"optional": true,
			"os": [
				"linux"
			]
		},
		"node_modules/@nubjs/nub-linux-arm64-musl": {
			"version": "0.9.3",
			"resolved": "https://registry.npmjs.org/@nubjs/nub-linux-arm64-musl/-/nub-linux-arm64-musl-0.9.3.tgz",
			"integrity": "sha512-13uUxr7/XsDXOTJ5S9YfwYZSCDYHbb7F1hfDfBrB7QJC57jCWqsBxgu9wyDR2VDG2kWwWMwUlehuwceoL8MK6g==",
			"cpu": [
				"arm64"
			],
			"dev": true,
			"license": "MIT",
			"optional": true,
			"os": [
				"linux"
			]
		},
		"node_modules/@nubjs/nub-linux-x64": {
			"version": "0.9.3",
			"resolved": "https://registry.npmjs.org/@nubjs/nub-linux-x64/-/nub-linux-x64-0.9.3.tgz",
			"integrity": "sha512-jwLQZkA2YFQ8QDGocZQxOTEdYM1o4ESom/YB+iYujI12gs1STjeSCl8Wfz2piKR9jMcNpg+rRP05hpLQ3KJNMA==",
			"cpu": [
				"x64"
			],
			"dev": true,
			"license": "MIT",
			"optional": true,
			"os": [
				"linux"
			]
		},
		"node_modules/@nubjs/nub-linux-x64-musl": {
			"version": "0.9.3",
			"resolved": "https://registry.npmjs.org/@nubjs/nub-linux-x64-musl/-/nub-linux-x64-musl-0.9.3.tgz",
			"integrity": "sha512-pUOMm4IRS5McEhuZB7t2VfDi6snqMTtDG5Q1I6bZVFxFo02DjUEWo0xJ+8MKlkXFYbJS+tXcTb0M4RWTIy46iw==",
			"cpu": [
				"x64"
			],
			"dev": true,
			"license": "MIT",
			"optional": true,
			"os": [
				"linux"
			]
		},
		"node_modules/@nubjs/nub-win32-arm64": {
			"version": "0.9.3",
			"resolved": "https://registry.npmjs.org/@nubjs/nub-win32-arm64/-/nub-win32-arm64-0.9.3.tgz",
			"integrity": "sha512-il4iILGLMX/aYGFTLAw8LcV0Kn7eYVZP+GGjBbdTUPq6TuRC1GhkitVJUvIk9WwxVbFstJmpZfceNLpSRAEgFw==",
			"cpu": [
				"arm64"
			],
			"dev": true,
			"license": "MIT",
			"optional": true,
			"os": [
				"win32"
			]
		},
		"node_modules/@nubjs/nub-win32-x64": {
			"version": "0.9.3",
			"resolved": "https://registry.npmjs.org/@nubjs/nub-win32-x64/-/nub-win32-x64-0.9.3.tgz",
			"integrity": "sha512-e/hiFZ9m37QH0ti8ktDkh4poH+HCe8K/3NljUvCg9j2r5MEaKUqGPxbmuQ928U5XgyUcJOd2/AbWmrCn8KEmZQ==",
			"cpu": [
				"x64"
			],
			"dev": true,
			"license": "MIT",
			"optional": true,
			"os": [
				"win32"
			]
		},
		"node_modules/balanced-match": {
			"version": "4.0.4",
			"resolved": "https://registry.npmjs.org/balanced-match/-/balanced-match-4.0.4.tgz",
			"integrity": "sha512-BLrgEcRTwX2o6gGxGOCNyMvGSp35YofuYzw9h1IMTRmKqttAZZVU67bdb9Pr2vUHA8+j3i2tJfjO6C6+4myGTA==",
			"dev": true,
			"license": "MIT",
			"engines": {
				"node": "18 || 20 || >=22"
			}
		},
		"node_modules/brace-expansion": {
			"version": "5.0.12",
			"resolved": "https://registry.npmjs.org/brace-expansion/-/brace-expansion-5.0.12.tgz",
			"integrity": "sha512-YovQ3rzhaLMIrDjNDMkNS01tea93qhEhG5xy8f6+R0l+dw3Ki+5sCoIoI942iuLZTHWogWktgwVDhU09iNEimQ==",
			"dev": true,
			"license": "MIT",
			"dependencies": {
				"balanced-match": "^4.0.2"
			},
			"engines": {
				"node": "20 || >=22"
			}
		},
		"node_modules/glob": {
			"version": "13.0.6",
			"resolved": "https://registry.npmjs.org/glob/-/glob-13.0.6.tgz",
			"integrity": "sha512-Wjlyrolmm8uDpm/ogGyXZXb1Z+Ca2B8NbJwqBVg0axK9GbBeoS7yGV6vjXnYdGm6X53iehEuxxbyiKp8QmN4Vw==",
			"dev": true,
			"license": "BlueOak-1.0.0",
			"dependencies": {
				"minimatch": "^10.2.2",
				"minipass": "^7.1.3",
				"path-scurry": "^2.0.2"
			},
			"engines": {
				"node": "18 || 20 || >=22"
			},
			"funding": {
				"url": "https://github.com/sponsors/isaacs"
			}
		},
		"node_modules/lru-cache": {
			"version": "11.5.3",
			"resolved": "https://registry.npmjs.org/lru-cache/-/lru-cache-11.5.3.tgz",
			"integrity": "sha512-U4N8FgzmWxc8k1VH8Kr6lQg18U7Fjvby6wXHVRX/ZZ7IwWbRMgrRbP0Wrb5q5NVinryp4SQampHKdvtecItxUg==",
			"dev": true,
			"license": "BlueOak-1.0.0",
			"engines": {
				"node": "20 || >=22"
			}
		},
		"node_modules/minimatch": {
			"version": "10.2.6",
			"resolved": "https://registry.npmjs.org/minimatch/-/minimatch-10.2.6.tgz",
			"integrity": "sha512-vpLQEs+VLCr1nU0BXS07maYoFwlDAH0gngQuuttxIwutDFEMHq2blX+8vpgxDdK3J1PwjCJiep77OitTZ4Ll1A==",
			"dev": true,
			"license": "BlueOak-1.0.0",
			"dependencies": {
				"brace-expansion": "^5.0.8"
			},
			"engines": {
				"node": "18 || 20 || >=22"
			},
			"funding": {
				"url": "https://github.com/sponsors/isaacs"
			}
		},
		"node_modules/minipass": {
			"version": "7.1.3",
			"resolved": "https://registry.npmjs.org/minipass/-/minipass-7.1.3.tgz",
			"integrity": "sha512-tEBHqDnIoM/1rXME1zgka9g6Q2lcoCkxHLuc7ODJ5BxbP5d4c2Z5cGgtXAku59200Cx7diuHTOYfSBD8n6mm8A==",
			"dev": true,
			"license": "BlueOak-1.0.0",
			"engines": {
				"node": ">=16 || 14 >=14.17"
			}
		},
		"node_modules/package-json-from-dist": {
			"version": "1.0.1",
			"resolved": "https://registry.npmjs.org/package-json-from-dist/-/package-json-from-dist-1.0.1.tgz",
			"integrity": "sha512-UEZIS3/by4OC8vL3P2dTXRETpebLI2NiI5vIrjaD/5UtrkFX/tNbwjTSRAGC/+7CAo2pIcBaRgWmcBBHcsaCIw==",
			"dev": true,
			"license": "BlueOak-1.0.0"
		},
		"node_modules/path-scurry": {
			"version": "2.0.2",
			"resolved": "https://registry.npmjs.org/path-scurry/-/path-scurry-2.0.2.tgz",
			"integrity": "sha512-3O/iVVsJAPsOnpwWIeD+d6z/7PmqApyQePUtCndjatj/9I5LylHvt5qluFaBT3I5h3r1ejfR056c+FCv+NnNXg==",
			"dev": true,
			"license": "BlueOak-1.0.0",
			"dependencies": {
				"lru-cache": "^11.0.0",
				"minipass": "^7.1.2"
			},
			"engines": {
				"node": "18 || 20 || >=22"
			},
			"funding": {
				"url": "https://github.com/sponsors/isaacs"
			}
		},
		"node_modules/rimraf": {
			"version": "6.1.3",
			"resolved": "https://registry.npmjs.org/rimraf/-/rimraf-6.1.3.tgz",
			"integrity": "sha512-LKg+Cr2ZF61fkcaK1UdkH2yEBBKnYjTyWzTJT6KNPcSPaiT7HSdhtMXQuN5wkTX0Xu72KQ1l8S42rlmexS2hSA==",
			"dev": true,
			"license": "BlueOak-1.0.0",
			"dependencies": {
				"glob": "^13.0.3",
				"package-json-from-dist": "^1.0.1"
			},
			"bin": {
				"rimraf": "dist/esm/bin.mjs"
			},
			"engines": {
				"node": "20 || >=22"
			},
			"funding": {
				"url": "https://github.com/sponsors/isaacs"
			}
		},
		"node_modules/typescript": {
			"version": "6.0.3",
			"resolved": "https://registry.npmjs.org/typescript/-/typescript-6.0.3.tgz",
			"integrity": "sha512-y2TvuxSZPDyQakkFRPZHKFm+KKVqIisdg9/CZwm9ftvKXLP8NRWj38/ODjNbr43SsoXqNuAisEf1GdCxqWcdBw==",
			"dev": true,
			"license": "Apache-2.0",
			"bin": {
				"tsc": "bin/tsc",
				"tsserver": "bin/tsserver"
			},
			"engines": {
				"node": ">=14.17"
			}
		},
		"node_modules/valibot": {
			"version": "1.5.0",
			"resolved": "https://registry.npmjs.org/valibot/-/valibot-1.5.0.tgz",
			"integrity": "sha512-nil6AkP2TChWL43Z5uJ6GTxX01CUA+g8LWUM+N/rB9NBbkUMaUsi9PUNzlUPgoKASgmx9f7eGOYpJ04/fSa6FQ==",
			"license": "MIT",
			"peerDependencies": {
				"typescript": ">=5"
			},
			"peerDependenciesMeta": {
				"typescript": {
					"optional": true
				}
			}
		},
		"node_modules/zod": {
			"version": "4.6.5",
			"resolved": "https://registry.npmjs.org/zod/-/zod-4.6.5.tgz",
			"integrity": "sha512-v5l/aFXZQeai4awLbOpSoHecE9UiMrnfx75tEXLjNonXVARxQ5mOeipTjROUchszUNCqnE+hqAMujRsRHsut2Q==",
			"license": "MIT",
			"funding": {
				"url": "https://github.com/sponsors/colinhacks"
			}
		}
	}
}
