{
	"name": "arkenv-example-basic-js",
	"lockfileVersion": 3,
	"requires": true,
	"packages": {
		"": {
			"name": "arkenv-example-basic-js",
			"dependencies": {
				"arkenv": "^0.12.3",
				"arktype": "^2.2.3"
			},
			"engines": {
				"node": "24"
			}
		},
		"node_modules/@ark/schema": {
			"version": "0.56.2",
			"resolved": "https://registry.npmjs.org/@ark/schema/-/schema-0.56.2.tgz",
			"integrity": "sha512-Qx4D2JFbBWpntiHZaTv7bGG4H/M2rigiknezKg/WVyDSaLdE4YCcWAOoFB7pjjDqHbbV2OqRfntm1nnXvwMexg==",
			"license": "MIT",
			"dependencies": {
				"@ark/util": "0.56.2"
			}
		},
		"node_modules/@ark/util": {
			"version": "0.56.2",
			"resolved": "https://registry.npmjs.org/@ark/util/-/util-0.56.2.tgz",
			"integrity": "sha512-9kU2sUE38FZEGG7l3hamYMBieLYEJh2L1mrYD2eXpT+78EnQSV1bhjxJhnxGBMSTbtwpBSDNSK+K60WvaI/DTQ==",
			"license": "MIT"
		},
		"node_modules/arkenv": {
			"version": "0.12.3",
			"resolved": "https://registry.npmjs.org/arkenv/-/arkenv-0.12.3.tgz",
			"integrity": "sha512-MX1/O52eG+XysuCotCyBvjZBbBk4qFbefqSYcb337gLwYOgNQhbtDrTOr+biMhjfAyGo3s+3Kn+fLH4aYgxTtg==",
			"license": "MIT",
			"peerDependencies": {
				"arktype": "^2.1.22"
			},
			"peerDependenciesMeta": {
				"arktype": {
					"optional": true
				}
			}
		},
		"node_modules/arkregex": {
			"version": "0.0.8",
			"resolved": "https://registry.npmjs.org/arkregex/-/arkregex-0.0.8.tgz",
			"integrity": "sha512-PJcx6G1kQTgLKPUbeYlYecDRaKq15AMSGVajlKFYWlPeJRQL+j3dKE6tyMs40HZ99djS1l9Vhl3ezAHy9JBIqQ==",
			"license": "MIT",
			"dependencies": {
				"@ark/util": "0.56.2"
			}
		},
		"node_modules/arktype": {
			"version": "2.2.3",
			"resolved": "https://registry.npmjs.org/arktype/-/arktype-2.2.3.tgz",
			"integrity": "sha512-7W+0RLTUNJiBFIIZXwOQxSR8Z273IAd6IvqBeG9+gHnQKFsIx2C0iOtGTmMrPnlX4qLXyc5+ll7A0BIj9WrbTg==",
			"license": "MIT",
			"dependencies": {
				"@ark/schema": "0.56.2",
				"@ark/util": "0.56.2",
				"arkregex": "0.0.8"
			}
		}
	}
}
