{
	"name": "arkenv-example-basic-js",
	"lockfileVersion": 3,
	"requires": true,
	"packages": {
		"": {
			"name": "arkenv-example-basic-js",
			"dependencies": {
				"arkenv": "^0.11.0",
				"arktype": "^2.1.29"
			},
			"engines": {
				"node": "24"
			}
		},
		"node_modules/@ark/schema": {
			"version": "0.56.0",
			"resolved": "https://registry.npmjs.org/@ark/schema/-/schema-0.56.0.tgz",
			"integrity": "sha512-ECg3hox/6Z/nLajxXqNhgPtNdHWC9zNsDyskwO28WinoFEnWow4IsERNz9AnXRhTZJnYIlAJ4uGn3nlLk65vZA==",
			"license": "MIT",
			"dependencies": {
				"@ark/util": "0.56.0"
			}
		},
		"node_modules/@ark/util": {
			"version": "0.56.0",
			"resolved": "https://registry.npmjs.org/@ark/util/-/util-0.56.0.tgz",
			"integrity": "sha512-BghfRC8b9pNs3vBoDJhcta0/c1J1rsoS1+HgVUreMFPdhz/CRAKReAu57YEllNaSy98rWAdY1gE+gFup7OXpgA==",
			"license": "MIT"
		},
		"node_modules/arkenv": {
			"version": "0.11.0",
			"resolved": "https://registry.npmjs.org/arkenv/-/arkenv-0.11.0.tgz",
			"integrity": "sha512-XLVk3uiNRwlaqJiRWqVGz5y75P30DczxuupzVz3EEbs2j539ftwusvlK+5y/MOIerUbskSpsm6c6B61YMr/UPA==",
			"license": "MIT",
			"peerDependencies": {
				"arktype": "^2.1.22"
			},
			"peerDependenciesMeta": {
				"arktype": {
					"optional": true
				}
			}
		},
		"node_modules/arkregex": {
			"version": "0.0.5",
			"resolved": "https://registry.npmjs.org/arkregex/-/arkregex-0.0.5.tgz",
			"integrity": "sha512-ncYjBdLlh5/QnVsAA8De16Tc9EqmYM7y/WU9j+236KcyYNUXogpz3sC4ATIZYzzLxwI+0sEOaQLEmLmRleaEXw==",
			"license": "MIT",
			"dependencies": {
				"@ark/util": "0.56.0"
			}
		},
		"node_modules/arktype": {
			"version": "2.1.29",
			"resolved": "https://registry.npmjs.org/arktype/-/arktype-2.1.29.tgz",
			"integrity": "sha512-jyfKk4xIOzvYNayqnD8ZJQqOwcrTOUbIU4293yrzAjA3O1dWh61j71ArMQ6tS/u4pD7vabSPe7nG3RCyoXW6RQ==",
			"license": "MIT",
			"dependencies": {
				"@ark/schema": "0.56.0",
				"@ark/util": "0.56.0",
				"arkregex": "0.0.5"
			}
		}
	}
}
