{
  "lockfileVersion": 1,
  "workspaces": {
    "": {
      "name": "arkenv-example-with-bun",
      "dependencies": {
        "arkenv": "^0.5.0",
        "arktype": "^2.1.22",
      },
      "devDependencies": {
        "bun-types": "^1.2.2",
        "typescript": "^5.9.2",
      },
    },
  },
  "packages": {
    "@ark/schema": ["@ark/schema@0.49.0", "", { "dependencies": { "@ark/util": "0.49.0" } }, "sha512-GphZBLpW72iS0v4YkeUtV3YIno35Gimd7+ezbPO9GwEi9kzdUrPVjvf6aXSBAfHikaFc/9pqZOpv3pOXnC71tw=="],

    "@ark/util": ["@ark/util@0.49.0", "", {}, "sha512-/BtnX7oCjNkxi2vi6y1399b+9xd1jnCrDYhZ61f0a+3X8x8DxlK52VgEEzyuC2UQMPACIfYrmHkhD3lGt2GaMA=="],

    "@types/node": ["@types/node@24.3.1", "", { "dependencies": { "undici-types": "~7.10.0" } }, "sha512-3vXmQDXy+woz+gnrTvuvNrPzekOi+Ds0ReMxw0LzBiK3a+1k0kQn9f2NWk+lgD4rJehFUmYy2gMhJ2ZI+7YP9g=="],

    "@types/react": ["@types/react@19.1.12", "", { "dependencies": { "csstype": "^3.0.2" } }, "sha512-cMoR+FoAf/Jyq6+Df2/Z41jISvGZZ2eTlnsaJRptmZ76Caldwy1odD4xTr/gNV9VLj0AWgg/nmkevIyUfIIq5w=="],

    "arkenv": ["arkenv@0.5.0", "", { "dependencies": { "chalk": "^5.6.2" }, "peerDependencies": { "arktype": "^2.1.22" } }, "sha512-0OA2jelLRz9fv0y8bk9thvNCUoiQ6nCWp0kK72kR7azFJorSm6sy/Oaz4M99NPVGQHEhkYx6AZFBFePkIPs4cw=="],

    "arktype": ["arktype@2.1.22", "", { "dependencies": { "@ark/schema": "0.49.0", "@ark/util": "0.49.0" } }, "sha512-xdzl6WcAhrdahvRRnXaNwsipCgHuNoLobRqhiP8RjnfL9Gp947abGlo68GAIyLtxbD+MLzNyH2YR4kEqioMmYQ=="],

    "bun-types": ["bun-types@1.2.21", "", { "dependencies": { "@types/node": "*" }, "peerDependencies": { "@types/react": "^19" } }, "sha512-sa2Tj77Ijc/NTLS0/Odjq/qngmEPZfbfnOERi0KRUYhT9R8M4VBioWVmMWE5GrYbKMc+5lVybXygLdibHaqVqw=="],

    "chalk": ["chalk@5.6.2", "", {}, "sha512-7NzBL0rN6fMUW+f7A6Io4h40qQlG+xGmtMxfbnH/K7TAtt8JQWVQK+6g0UXKMeVJoyV5EkkNsErQ8pVD3bLHbA=="],

    "csstype": ["csstype@3.1.3", "", {}, "sha512-M1uQkMl8rQK/szD0LNhtqxIPLpimGm8sOBwU7lLnCpSbTyY3yeU1Vc7l4KT5zT4s/yOxHH5O7tIuuLOCnLADRw=="],

    "typescript": ["typescript@5.9.2", "", { "bin": { "tsc": "bin/tsc", "tsserver": "bin/tsserver" } }, "sha512-CWBzXQrc/qOkhidw1OzBTQuYRbfyxDXJMVJ1XNwUHGROVmuaeiEm3OslpZ1RV96d7SKKjZKrSJu3+t/xlw3R9A=="],

    "undici-types": ["undici-types@7.10.0", "", {}, "sha512-t5Fy/nfn+14LuOc2KNYg75vZqClpAiqscVvMygNnlsHBFpSXdJaYtXMcdNLpl/Qvc3P2cB3s6lOV51nqsFq4ag=="],
  }
}
