{
	"name": "arkenv-example-with-valibot",
	"version": "0.0.0",
	"lockfileVersion": 3,
	"requires": true,
	"packages": {
		"": {
			"name": "arkenv-example-with-valibot",
			"version": "0.0.0",
			"license": "ISC",
			"dependencies": {
				"@arkenv/standard": "1.0.0-rc.1",
				"@valibot/to-json-schema": "^1.6.0",
				"valibot": "^1.3.1"
			},
			"devDependencies": {
				"@nubjs/nub": "^0.9.3"
			},
			"engines": {
				"node": "24"
			}
		},
		"node_modules/@arkenv/standard": {
			"version": "1.0.0-rc.1",
			"resolved": "https://registry.npmjs.org/@arkenv/standard/-/standard-1.0.0-rc.1.tgz",
			"integrity": "sha512-uJs0JCOd/2vvTduxjOQgvxXAMYqbjyAYaDQZaowgk9nuYpIEIEByPSD081jQsAAklbeKTsbMRb7YXboYf8+wEA==",
			"license": "MIT",
			"peerDependencies": {
				"@valibot/to-json-schema": "^1.0.0",
				"zod": "^4.0.0"
			},
			"peerDependenciesMeta": {
				"@valibot/to-json-schema": {
					"optional": true
				},
				"zod": {
					"optional": true
				}
			}
		},
		"node_modules/@nubjs/nub": {
			"version": "0.9.3",
			"resolved": "https://registry.npmjs.org/@nubjs/nub/-/nub-0.9.3.tgz",
			"integrity": "sha512-y+7iFyRFRaTmHXJeQXvnkutfhCH2D7f0WHIhbC/h9O911cp9VaPShxc/dIKL4bY6SBBGPIa9R6CcpFrURkKr7A==",
			"dev": true,
			"hasInstallScript": true,
			"license": "MIT",
			"bin": {
				"nub": "bin/nub",
				"nubr": "bin/nubr",
				"nubx": "bin/nubx"
			},
			"engines": {
				"node": ">=18.19.0"
			},
			"optionalDependencies": {
				"@nubjs/nub-darwin-arm64": "0.9.3",
				"@nubjs/nub-darwin-x64": "0.9.3",
				"@nubjs/nub-linux-arm64": "0.9.3",
				"@nubjs/nub-linux-arm64-musl": "0.9.3",
				"@nubjs/nub-linux-x64": "0.9.3",
				"@nubjs/nub-linux-x64-musl": "0.9.3",
				"@nubjs/nub-win32-arm64": "0.9.3",
				"@nubjs/nub-win32-x64": "0.9.3"
			}
		},
		"node_modules/@nubjs/nub-darwin-arm64": {
			"version": "0.9.3",
			"resolved": "https://registry.npmjs.org/@nubjs/nub-darwin-arm64/-/nub-darwin-arm64-0.9.3.tgz",
			"integrity": "sha512-cKEt0WUuV9OdyKhDl/VRc/k/QdfVgERT/P/3K1PxkCKiRl2/qveH5+1YKaGGWPGjGTyUvIeHQ5i1TxjuDYHXOg==",
			"cpu": [
				"arm64"
			],
			"dev": true,
			"license": "MIT",
			"optional": true,
			"os": [
				"darwin"
			]
		},
		"node_modules/@nubjs/nub-darwin-x64": {
			"version": "0.9.3",
			"resolved": "https://registry.npmjs.org/@nubjs/nub-darwin-x64/-/nub-darwin-x64-0.9.3.tgz",
			"integrity": "sha512-0fAQKb0/ImavRecYA7x9CGNIqZRPtUBxy82M7qgpo2ujqrB88iiTeDIUlCcYj4VfC1Fk3InCy2w7g7Nzbg7RaQ==",
			"cpu": [
				"x64"
			],
			"dev": true,
			"license": "MIT",
			"optional": true,
			"os": [
				"darwin"
			]
		},
		"node_modules/@nubjs/nub-linux-arm64": {
			"version": "0.9.3",
			"resolved": "https://registry.npmjs.org/@nubjs/nub-linux-arm64/-/nub-linux-arm64-0.9.3.tgz",
			"integrity": "sha512-9NmcdYUTE7P/6fM3i5k//UtM/Kh9+51FygHF120UGDsG5uBBT+yDmwrccWGtvkq/9NHDqgDD0JA+SxppDovuDQ==",
			"cpu": [
				"arm64"
			],
			"dev": true,
			"license": "MIT",
			"optional": true,
			"os": [
				"linux"
			]
		},
		"node_modules/@nubjs/nub-linux-arm64-musl": {
			"version": "0.9.3",
			"resolved": "https://registry.npmjs.org/@nubjs/nub-linux-arm64-musl/-/nub-linux-arm64-musl-0.9.3.tgz",
			"integrity": "sha512-13uUxr7/XsDXOTJ5S9YfwYZSCDYHbb7F1hfDfBrB7QJC57jCWqsBxgu9wyDR2VDG2kWwWMwUlehuwceoL8MK6g==",
			"cpu": [
				"arm64"
			],
			"dev": true,
			"license": "MIT",
			"optional": true,
			"os": [
				"linux"
			]
		},
		"node_modules/@nubjs/nub-linux-x64": {
			"version": "0.9.3",
			"resolved": "https://registry.npmjs.org/@nubjs/nub-linux-x64/-/nub-linux-x64-0.9.3.tgz",
			"integrity": "sha512-jwLQZkA2YFQ8QDGocZQxOTEdYM1o4ESom/YB+iYujI12gs1STjeSCl8Wfz2piKR9jMcNpg+rRP05hpLQ3KJNMA==",
			"cpu": [
				"x64"
			],
			"dev": true,
			"license": "MIT",
			"optional": true,
			"os": [
				"linux"
			]
		},
		"node_modules/@nubjs/nub-linux-x64-musl": {
			"version": "0.9.3",
			"resolved": "https://registry.npmjs.org/@nubjs/nub-linux-x64-musl/-/nub-linux-x64-musl-0.9.3.tgz",
			"integrity": "sha512-pUOMm4IRS5McEhuZB7t2VfDi6snqMTtDG5Q1I6bZVFxFo02DjUEWo0xJ+8MKlkXFYbJS+tXcTb0M4RWTIy46iw==",
			"cpu": [
				"x64"
			],
			"dev": true,
			"license": "MIT",
			"optional": true,
			"os": [
				"linux"
			]
		},
		"node_modules/@nubjs/nub-win32-arm64": {
			"version": "0.9.3",
			"resolved": "https://registry.npmjs.org/@nubjs/nub-win32-arm64/-/nub-win32-arm64-0.9.3.tgz",
			"integrity": "sha512-il4iILGLMX/aYGFTLAw8LcV0Kn7eYVZP+GGjBbdTUPq6TuRC1GhkitVJUvIk9WwxVbFstJmpZfceNLpSRAEgFw==",
			"cpu": [
				"arm64"
			],
			"dev": true,
			"license": "MIT",
			"optional": true,
			"os": [
				"win32"
			]
		},
		"node_modules/@nubjs/nub-win32-x64": {
			"version": "0.9.3",
			"resolved": "https://registry.npmjs.org/@nubjs/nub-win32-x64/-/nub-win32-x64-0.9.3.tgz",
			"integrity": "sha512-e/hiFZ9m37QH0ti8ktDkh4poH+HCe8K/3NljUvCg9j2r5MEaKUqGPxbmuQ928U5XgyUcJOd2/AbWmrCn8KEmZQ==",
			"cpu": [
				"x64"
			],
			"dev": true,
			"license": "MIT",
			"optional": true,
			"os": [
				"win32"
			]
		},
		"node_modules/@valibot/to-json-schema": {
			"version": "1.8.0",
			"resolved": "https://registry.npmjs.org/@valibot/to-json-schema/-/to-json-schema-1.8.0.tgz",
			"integrity": "sha512-a0M+uwCuQZEPAo65NYkFSJ14O5c213KoSZmPdoCfuFvUhfULi4T2Z6Tpjv6lTVMW9RoLm74RpRAjNEa43KcN+g==",
			"license": "MIT",
			"peerDependencies": {
				"valibot": "^1.5.0"
			}
		},
		"node_modules/valibot": {
			"version": "1.5.0",
			"resolved": "https://registry.npmjs.org/valibot/-/valibot-1.5.0.tgz",
			"integrity": "sha512-nil6AkP2TChWL43Z5uJ6GTxX01CUA+g8LWUM+N/rB9NBbkUMaUsi9PUNzlUPgoKASgmx9f7eGOYpJ04/fSa6FQ==",
			"license": "MIT",
			"peerDependencies": {
				"typescript": ">=5"
			},
			"peerDependenciesMeta": {
				"typescript": {
					"optional": true
				}
			}
		}
	}
}
