{
	"name": "arkenv-example-with-valibot",
	"version": "0.0.0",
	"lockfileVersion": 3,
	"requires": true,
	"packages": {
		"": {
			"name": "arkenv-example-with-valibot",
			"version": "0.0.0",
			"license": "ISC",
			"dependencies": {
				"@arkenv/standard": "1.0.0-rc.1",
				"@valibot/to-json-schema": "^1.6.0",
				"valibot": "^1.3.1"
			},
			"devDependencies": {
				"@nubjs/nub": "^0.9.3"
			},
			"engines": {
				"node": ">=22"
			}
		},
		"node_modules/@arkenv/standard": {
			"version": "1.0.0-rc.1",
			"resolved": "https://registry.npmjs.org/@arkenv/standard/-/standard-1.0.0-rc.1.tgz",
			"integrity": "sha512-uJs0JCOd/2vvTduxjOQgvxXAMYqbjyAYaDQZaowgk9nuYpIEIEByPSD081jQsAAklbeKTsbMRb7YXboYf8+wEA==",
			"license": "MIT",
			"peerDependencies": {
				"@valibot/to-json-schema": "^1.0.0",
				"zod": "^4.0.0"
			},
			"peerDependenciesMeta": {
				"@valibot/to-json-schema": {
					"optional": true
				},
				"zod": {
					"optional": true
				}
			}
		},
		"node_modules/@nubjs/nub": {
			"version": "0.9.6",
			"resolved": "https://registry.npmjs.org/@nubjs/nub/-/nub-0.9.6.tgz",
			"integrity": "sha512-02KozYQNgOa/UMmT8AEcoAM5/vR8XDAS5m/deWstTg+oxmML01N2e7ahmvBiXY83a9HXa8LEiYhAbi4DqUJ3Ew==",
			"dev": true,
			"hasInstallScript": true,
			"license": "MIT",
			"bin": {
				"nub": "bin/nub",
				"nubr": "bin/nubr",
				"nubx": "bin/nubx"
			},
			"engines": {
				"node": ">=18.19.0"
			},
			"optionalDependencies": {
				"@nubjs/nub-darwin-arm64": "0.9.6",
				"@nubjs/nub-darwin-x64": "0.9.6",
				"@nubjs/nub-linux-arm64": "0.9.6",
				"@nubjs/nub-linux-arm64-musl": "0.9.6",
				"@nubjs/nub-linux-x64": "0.9.6",
				"@nubjs/nub-linux-x64-musl": "0.9.6",
				"@nubjs/nub-win32-arm64": "0.9.6",
				"@nubjs/nub-win32-x64": "0.9.6"
			}
		},
		"node_modules/@nubjs/nub-darwin-arm64": {
			"version": "0.9.6",
			"resolved": "https://registry.npmjs.org/@nubjs/nub-darwin-arm64/-/nub-darwin-arm64-0.9.6.tgz",
			"integrity": "sha512-+4jBMdMUOZi77lGzHgnZMofKVE+NoXP0EAxo4wlhfuMLvu3H9yW0Fk+78FXUJluWtoElyY6tuv9lKLDHHyMASA==",
			"cpu": [
				"arm64"
			],
			"dev": true,
			"license": "MIT",
			"optional": true,
			"os": [
				"darwin"
			]
		},
		"node_modules/@nubjs/nub-darwin-x64": {
			"version": "0.9.6",
			"resolved": "https://registry.npmjs.org/@nubjs/nub-darwin-x64/-/nub-darwin-x64-0.9.6.tgz",
			"integrity": "sha512-5ZL7xRfRwHz14P+V5gXCVL9KRAEGk6UH9C72WsrzyGzYnJpT1r4cM7VRhTHHkYgUMorZUJQ0dFk9qZ07MozPCg==",
			"cpu": [
				"x64"
			],
			"dev": true,
			"license": "MIT",
			"optional": true,
			"os": [
				"darwin"
			]
		},
		"node_modules/@nubjs/nub-linux-arm64": {
			"version": "0.9.6",
			"resolved": "https://registry.npmjs.org/@nubjs/nub-linux-arm64/-/nub-linux-arm64-0.9.6.tgz",
			"integrity": "sha512-oaHfcn4IKG1vmUeSwUOmdYRz9k+6fem3IS/ZgjkQatsozo6OLs630ag+sVdn3L9+SLbqCQkm6G/GATQ7nR5cDg==",
			"cpu": [
				"arm64"
			],
			"dev": true,
			"libc": [
				"glibc"
			],
			"license": "MIT",
			"optional": true,
			"os": [
				"linux"
			]
		},
		"node_modules/@nubjs/nub-linux-arm64-musl": {
			"version": "0.9.6",
			"resolved": "https://registry.npmjs.org/@nubjs/nub-linux-arm64-musl/-/nub-linux-arm64-musl-0.9.6.tgz",
			"integrity": "sha512-uwuNjVjEaDf6tJb0My0K7/aeqzzGvDoIixitfPa77PzFz4rh8eKy7fb8IzrIeC/DcbPZIsaIELzPFGr99Ujf9A==",
			"cpu": [
				"arm64"
			],
			"dev": true,
			"libc": [
				"musl"
			],
			"license": "MIT",
			"optional": true,
			"os": [
				"linux"
			]
		},
		"node_modules/@nubjs/nub-linux-x64": {
			"version": "0.9.6",
			"resolved": "https://registry.npmjs.org/@nubjs/nub-linux-x64/-/nub-linux-x64-0.9.6.tgz",
			"integrity": "sha512-mLdGFqoO+EZSZWXLrZ2jrt/YNBfTcRFzfFX3BXne1Ky+xXFlic/LOv/zGqZDNwSJQbQydvY5bjVFOut3zUxGIg==",
			"cpu": [
				"x64"
			],
			"dev": true,
			"libc": [
				"glibc"
			],
			"license": "MIT",
			"optional": true,
			"os": [
				"linux"
			]
		},
		"node_modules/@nubjs/nub-linux-x64-musl": {
			"version": "0.9.6",
			"resolved": "https://registry.npmjs.org/@nubjs/nub-linux-x64-musl/-/nub-linux-x64-musl-0.9.6.tgz",
			"integrity": "sha512-fXIyH+SvQ4OH/Yac/jKjzO0rNx3lAClVWoGS250La3NKDdzN3O7JkSClr/RqEGJRhZ+iW+/7T2UITR6iQWJo0g==",
			"cpu": [
				"x64"
			],
			"dev": true,
			"libc": [
				"musl"
			],
			"license": "MIT",
			"optional": true,
			"os": [
				"linux"
			]
		},
		"node_modules/@nubjs/nub-win32-arm64": {
			"version": "0.9.6",
			"resolved": "https://registry.npmjs.org/@nubjs/nub-win32-arm64/-/nub-win32-arm64-0.9.6.tgz",
			"integrity": "sha512-D6nL4YsiXpwG7xDZGof4zY2CKHIj+cak3JbsfFebYMdk9uFpPi0eeJ7J+U0+hDJQCVpt+Z5SFRFU8I64MKIiYw==",
			"cpu": [
				"arm64"
			],
			"dev": true,
			"license": "MIT",
			"optional": true,
			"os": [
				"win32"
			]
		},
		"node_modules/@nubjs/nub-win32-x64": {
			"version": "0.9.6",
			"resolved": "https://registry.npmjs.org/@nubjs/nub-win32-x64/-/nub-win32-x64-0.9.6.tgz",
			"integrity": "sha512-wN2HoGZDTSVSoW9Q73wFIy3ybBgdStZyFR/vDgUgixZo8BnC3uwbpFVhZSrm39oIouiWpUEwDsMOXpTxqqbAuw==",
			"cpu": [
				"x64"
			],
			"dev": true,
			"license": "MIT",
			"optional": true,
			"os": [
				"win32"
			]
		},
		"node_modules/@valibot/to-json-schema": {
			"version": "1.8.0",
			"resolved": "https://registry.npmjs.org/@valibot/to-json-schema/-/to-json-schema-1.8.0.tgz",
			"integrity": "sha512-a0M+uwCuQZEPAo65NYkFSJ14O5c213KoSZmPdoCfuFvUhfULi4T2Z6Tpjv6lTVMW9RoLm74RpRAjNEa43KcN+g==",
			"license": "MIT",
			"peerDependencies": {
				"valibot": "^1.5.0"
			}
		},
		"node_modules/valibot": {
			"version": "1.5.0",
			"resolved": "https://registry.npmjs.org/valibot/-/valibot-1.5.0.tgz",
			"integrity": "sha512-nil6AkP2TChWL43Z5uJ6GTxX01CUA+g8LWUM+N/rB9NBbkUMaUsi9PUNzlUPgoKASgmx9f7eGOYpJ04/fSa6FQ==",
			"license": "MIT",
			"peerDependencies": {
				"typescript": ">=5"
			},
			"peerDependenciesMeta": {
				"typescript": {
					"optional": true
				}
			}
		}
	}
}
