{
	"name": "basic",
	"lockfileVersion": 3,
	"requires": true,
	"packages": {
		"": {
			"name": "basic",
			"dependencies": {
				"ansis": "^3.15.0",
				"ark.env": "^0.1.1",
				"arktype": "^2.0.4"
			},
			"devDependencies": {
				"typescript": "^5.0.0"
			}
		},
		"node_modules/@ark/schema": {
			"version": "0.39.0",
			"license": "MIT",
			"dependencies": {
				"@ark/util": "0.39.0"
			}
		},
		"node_modules/@ark/util": {
			"version": "0.39.0",
			"license": "MIT"
		},
		"node_modules/ansis": {
			"version": "3.15.0",
			"license": "ISC",
			"engines": {
				"node": ">=14"
			}
		},
		"node_modules/ark.env": {
			"version": "0.1.1",
			"license": "MIT",
			"dependencies": {
				"picocolors": "^1.1.1"
			},
			"peerDependencies": {
				"arktype": "^2.0.2"
			}
		},
		"node_modules/arktype": {
			"version": "2.0.4",
			"license": "MIT",
			"dependencies": {
				"@ark/schema": "0.39.0",
				"@ark/util": "0.39.0"
			}
		},
		"node_modules/picocolors": {
			"version": "1.1.1",
			"license": "ISC"
		},
		"node_modules/typescript": {
			"version": "5.7.3",
			"dev": true,
			"license": "Apache-2.0",
			"bin": {
				"tsc": "bin/tsc",
				"tsserver": "bin/tsserver"
			},
			"engines": {
				"node": ">=14.17"
			}
		}
	}
}
