{
	"name": "basic",
	"lockfileVersion": 3,
	"requires": true,
	"packages": {
		"": {
			"name": "basic",
			"dependencies": {
				"ansis": "^3.15.0",
				"ark.env": "^0.1.3",
				"arktype": "^2.0.4"
			},
			"devDependencies": {
				"tsx": "^4.19.2",
				"typescript": "^5.0.0"
			}
		},
		"node_modules/@ark/schema": {
			"version": "0.39.0",
			"resolved": "https://registry.npmjs.org/@ark/schema/-/schema-0.39.0.tgz",
			"integrity": "sha512-LQbQUb3Sj461LgklXObAyUJNtsUUCBxZlO2HqRLYvRSqpStm0xTMrXn51DwBNNxeSULvKVpXFwoxiSec9kwKww==",
			"license": "MIT",
			"dependencies": {
				"@ark/util": "0.39.0"
			}
		},
		"node_modules/@ark/util": {
			"version": "0.39.0",
			"resolved": "https://registry.npmjs.org/@ark/util/-/util-0.39.0.tgz",
			"integrity": "sha512-90APHVklk8BP4kku7hIh1BgrhuyKYqoZ4O7EybtFRo7cDl9mIyc/QUbGvYDg//73s0J2H0I/gW9pzroA1R4IBQ==",
			"license": "MIT"
		},
		"node_modules/@esbuild/linux-x64": {
			"version": "0.23.1",
			"resolved": "https://registry.npmjs.org/@esbuild/linux-x64/-/linux-x64-0.23.1.tgz",
			"integrity": "sha512-EV6+ovTsEXCPAp58g2dD68LxoP/wK5pRvgy0J/HxPGB009omFPv3Yet0HiaqvrIrgPTBuC6wCH1LTOY91EO5hQ==",
			"cpu": [
				"x64"
			],
			"dev": true,
			"license": "MIT",
			"optional": true,
			"os": [
				"linux"
			],
			"engines": {
				"node": ">=18"
			}
		},
		"node_modules/ansis": {
			"version": "3.15.0",
			"license": "ISC",
			"engines": {
				"node": ">=14"
			}
		},
		"node_modules/ark.env": {
			"version": "0.1.3",
			"resolved": "https://registry.npmjs.org/ark.env/-/ark.env-0.1.3.tgz",
			"integrity": "sha512-t4ALKgowUTfTICzj2UZ1pVov/D9pJycRCDPFGZ5T16F1+ryeZnooyyXOw1r2mAilvD7DlDBEKXwAC3xBpJdE2g==",
			"license": "MIT",
			"dependencies": {
				"picocolors": "^1.1.1"
			},
			"peerDependencies": {
				"arktype": "^2.0.2"
			}
		},
		"node_modules/arktype": {
			"version": "2.0.4",
			"resolved": "https://registry.npmjs.org/arktype/-/arktype-2.0.4.tgz",
			"integrity": "sha512-S68rWVDnJauwH7/QCm8zCUM3aTe9Xk6oRihdcc3FSUAtxCo/q1Fwq46JhcwB5Ufv1YStwdQRz+00Y/URlvbhAQ==",
			"license": "MIT",
			"dependencies": {
				"@ark/schema": "0.39.0",
				"@ark/util": "0.39.0"
			}
		},
		"node_modules/esbuild": {
			"version": "0.23.1",
			"resolved": "https://registry.npmjs.org/esbuild/-/esbuild-0.23.1.tgz",
			"integrity": "sha512-VVNz/9Sa0bs5SELtn3f7qhJCDPCF5oMEl5cO9/SSinpE9hbPVvxbd572HH5AKiP7WD8INO53GgfDDhRjkylHEg==",
			"dev": true,
			"hasInstallScript": true,
			"license": "MIT",
			"bin": {
				"esbuild": "bin/esbuild"
			},
			"engines": {
				"node": ">=18"
			},
			"optionalDependencies": {
				"@esbuild/aix-ppc64": "0.23.1",
				"@esbuild/android-arm": "0.23.1",
				"@esbuild/android-arm64": "0.23.1",
				"@esbuild/android-x64": "0.23.1",
				"@esbuild/darwin-arm64": "0.23.1",
				"@esbuild/darwin-x64": "0.23.1",
				"@esbuild/freebsd-arm64": "0.23.1",
				"@esbuild/freebsd-x64": "0.23.1",
				"@esbuild/linux-arm": "0.23.1",
				"@esbuild/linux-arm64": "0.23.1",
				"@esbuild/linux-ia32": "0.23.1",
				"@esbuild/linux-loong64": "0.23.1",
				"@esbuild/linux-mips64el": "0.23.1",
				"@esbuild/linux-ppc64": "0.23.1",
				"@esbuild/linux-riscv64": "0.23.1",
				"@esbuild/linux-s390x": "0.23.1",
				"@esbuild/linux-x64": "0.23.1",
				"@esbuild/netbsd-x64": "0.23.1",
				"@esbuild/openbsd-arm64": "0.23.1",
				"@esbuild/openbsd-x64": "0.23.1",
				"@esbuild/sunos-x64": "0.23.1",
				"@esbuild/win32-arm64": "0.23.1",
				"@esbuild/win32-ia32": "0.23.1",
				"@esbuild/win32-x64": "0.23.1"
			}
		},
		"node_modules/get-tsconfig": {
			"version": "4.10.0",
			"resolved": "https://registry.npmjs.org/get-tsconfig/-/get-tsconfig-4.10.0.tgz",
			"integrity": "sha512-kGzZ3LWWQcGIAmg6iWvXn0ei6WDtV26wzHRMwDSzmAbcXrTEXxHy6IehI6/4eT6VRKyMP1eF1VqwrVUmE/LR7A==",
			"dev": true,
			"license": "MIT",
			"dependencies": {
				"resolve-pkg-maps": "^1.0.0"
			},
			"funding": {
				"url": "https://github.com/privatenumber/get-tsconfig?sponsor=1"
			}
		},
		"node_modules/picocolors": {
			"version": "1.1.1",
			"license": "ISC"
		},
		"node_modules/resolve-pkg-maps": {
			"version": "1.0.0",
			"resolved": "https://registry.npmjs.org/resolve-pkg-maps/-/resolve-pkg-maps-1.0.0.tgz",
			"integrity": "sha512-seS2Tj26TBVOC2NIc2rOe2y2ZO7efxITtLZcGSOnHHNOQ7CkiUBfw0Iw2ck6xkIhPwLhKNLS8BO+hEpngQlqzw==",
			"dev": true,
			"license": "MIT",
			"funding": {
				"url": "https://github.com/privatenumber/resolve-pkg-maps?sponsor=1"
			}
		},
		"node_modules/tsx": {
			"version": "4.19.2",
			"resolved": "https://registry.npmjs.org/tsx/-/tsx-4.19.2.tgz",
			"integrity": "sha512-pOUl6Vo2LUq/bSa8S5q7b91cgNSjctn9ugq/+Mvow99qW6x/UZYwzxy/3NmqoT66eHYfCVvFvACC58UBPFf28g==",
			"dev": true,
			"license": "MIT",
			"dependencies": {
				"esbuild": "~0.23.0",
				"get-tsconfig": "^4.7.5"
			},
			"bin": {
				"tsx": "dist/cli.mjs"
			},
			"engines": {
				"node": ">=18.0.0"
			},
			"optionalDependencies": {
				"fsevents": "~2.3.3"
			}
		},
		"node_modules/typescript": {
			"version": "5.7.3",
			"dev": true,
			"license": "Apache-2.0",
			"bin": {
				"tsc": "bin/tsc",
				"tsserver": "bin/tsserver"
			},
			"engines": {
				"node": ">=14.17"
			}
		}
	}
}
