{
	"name": "arkenv-example-basic",
	"lockfileVersion": 3,
	"requires": true,
	"packages": {
		"": {
			"name": "arkenv-example-basic",
			"dependencies": {
				"arkenv": "^0.7.0",
				"arktype": "^2.1.22"
			},
			"devDependencies": {
				"tsx": "^4.19.2",
				"typescript": "^5.9.2"
			},
			"engines": {
				"node": "22"
			}
		},
		"node_modules/@ark/schema": {
			"version": "0.53.0",
			"resolved": "https://registry.npmjs.org/@ark/schema/-/schema-0.53.0.tgz",
			"integrity": "sha512-1PB7RThUiTlmIu8jbSurPrhHpVixPd4C+xNBUF/HrjIENCeDcAMg36n5mpMzED7OQGDVIzpfXXiMnaTiutjHJw==",
			"license": "MIT",
			"dependencies": {
				"@ark/util": "0.53.0"
			}
		},
		"node_modules/@ark/util": {
			"version": "0.53.0",
			"resolved": "https://registry.npmjs.org/@ark/util/-/util-0.53.0.tgz",
			"integrity": "sha512-TGn4gLlA6dJcQiqrtCtd88JhGb2XBHo6qIejsDre+nxpGuUVW4G3YZGVrwjNBTO0EyR+ykzIo4joHJzOj+/cpA==",
			"license": "MIT"
		},
		"node_modules/@esbuild/linux-x64": {
			"version": "0.25.0",
			"cpu": [
				"x64"
			],
			"dev": true,
			"license": "MIT",
			"optional": true,
			"os": [
				"linux"
			],
			"engines": {
				"node": ">=18"
			}
		},
		"node_modules/arkenv": {
			"version": "0.7.3",
			"resolved": "https://registry.npmjs.org/arkenv/-/arkenv-0.7.3.tgz",
			"integrity": "sha512-NOhYihh4ln5utmUi6NdsMh7wdsbJ82i19LmQqQeF+DAPaCeGq2YoMXHEpBN6gS6ibC7kecTEzh5oww5A60yGwg==",
			"license": "MIT",
			"peerDependencies": {
				"arktype": "^2.1.22"
			}
		},
		"node_modules/arkregex": {
			"version": "0.0.2",
			"resolved": "https://registry.npmjs.org/arkregex/-/arkregex-0.0.2.tgz",
			"integrity": "sha512-ttjDUICBVoXD/m8bf7eOjx8XMR6yIT2FmmW9vsN0FCcFOygEZvvIX8zK98tTdXkzi0LkRi5CmadB44jFEIyDNA==",
			"license": "MIT",
			"dependencies": {
				"@ark/util": "0.53.0"
			}
		},
		"node_modules/arktype": {
			"version": "2.1.25",
			"resolved": "https://registry.npmjs.org/arktype/-/arktype-2.1.25.tgz",
			"integrity": "sha512-fdj10sNlUPeDRg1QUqMbzJ4Q7gutTOWOpLUNdcC4vxeVrN0G+cbDOvLbuxQOFj/NDAode1G7kwFv4yKwQvupJg==",
			"license": "MIT",
			"dependencies": {
				"@ark/schema": "0.53.0",
				"@ark/util": "0.53.0",
				"arkregex": "0.0.2"
			}
		},
		"node_modules/esbuild": {
			"version": "0.25.0",
			"dev": true,
			"hasInstallScript": true,
			"license": "MIT",
			"bin": {
				"esbuild": "bin/esbuild"
			},
			"engines": {
				"node": ">=18"
			},
			"optionalDependencies": {
				"@esbuild/aix-ppc64": "0.25.0",
				"@esbuild/android-arm": "0.25.0",
				"@esbuild/android-arm64": "0.25.0",
				"@esbuild/android-x64": "0.25.0",
				"@esbuild/darwin-arm64": "0.25.0",
				"@esbuild/darwin-x64": "0.25.0",
				"@esbuild/freebsd-arm64": "0.25.0",
				"@esbuild/freebsd-x64": "0.25.0",
				"@esbuild/linux-arm": "0.25.0",
				"@esbuild/linux-arm64": "0.25.0",
				"@esbuild/linux-ia32": "0.25.0",
				"@esbuild/linux-loong64": "0.25.0",
				"@esbuild/linux-mips64el": "0.25.0",
				"@esbuild/linux-ppc64": "0.25.0",
				"@esbuild/linux-riscv64": "0.25.0",
				"@esbuild/linux-s390x": "0.25.0",
				"@esbuild/linux-x64": "0.25.0",
				"@esbuild/netbsd-arm64": "0.25.0",
				"@esbuild/netbsd-x64": "0.25.0",
				"@esbuild/openbsd-arm64": "0.25.0",
				"@esbuild/openbsd-x64": "0.25.0",
				"@esbuild/sunos-x64": "0.25.0",
				"@esbuild/win32-arm64": "0.25.0",
				"@esbuild/win32-ia32": "0.25.0",
				"@esbuild/win32-x64": "0.25.0"
			}
		},
		"node_modules/fsevents": {
			"version": "2.3.3",
			"resolved": "https://registry.npmjs.org/fsevents/-/fsevents-2.3.3.tgz",
			"integrity": "sha512-5xoDfX+fL7faATnagmWPpbFtwh/R77WmMMqqHGS65C3vvB0YHrgF+B1YmZ3441tMj5n63k0212XNoJwzlhffQw==",
			"dev": true,
			"hasInstallScript": true,
			"license": "MIT",
			"optional": true,
			"os": [
				"darwin"
			],
			"engines": {
				"node": "^8.16.0 || ^10.6.0 || >=11.0.0"
			}
		},
		"node_modules/get-tsconfig": {
			"version": "4.10.0",
			"dev": true,
			"license": "MIT",
			"dependencies": {
				"resolve-pkg-maps": "^1.0.0"
			},
			"funding": {
				"url": "https://github.com/privatenumber/get-tsconfig?sponsor=1"
			}
		},
		"node_modules/resolve-pkg-maps": {
			"version": "1.0.0",
			"dev": true,
			"license": "MIT",
			"funding": {
				"url": "https://github.com/privatenumber/resolve-pkg-maps?sponsor=1"
			}
		},
		"node_modules/tsx": {
			"version": "4.20.6",
			"resolved": "https://registry.npmjs.org/tsx/-/tsx-4.20.6.tgz",
			"integrity": "sha512-ytQKuwgmrrkDTFP4LjR0ToE2nqgy886GpvRSpU0JAnrdBYppuY5rLkRUYPU1yCryb24SsKBTL/hlDQAEFVwtZg==",
			"dev": true,
			"license": "MIT",
			"dependencies": {
				"esbuild": "~0.25.0",
				"get-tsconfig": "^4.7.5"
			},
			"bin": {
				"tsx": "dist/cli.mjs"
			},
			"engines": {
				"node": ">=18.0.0"
			},
			"optionalDependencies": {
				"fsevents": "~2.3.3"
			}
		},
		"node_modules/typescript": {
			"version": "5.9.3",
			"resolved": "https://registry.npmjs.org/typescript/-/typescript-5.9.3.tgz",
			"integrity": "sha512-jl1vZzPDinLr9eUt3J/t7V6FgNEw9QjvBPdysz9KfQDD41fQrC2Y4vKQdiaUpFT4bXlb1RHhLpp8wtm6M5TgSw==",
			"dev": true,
			"license": "Apache-2.0",
			"bin": {
				"tsc": "bin/tsc",
				"tsserver": "bin/tsserver"
			},
			"engines": {
				"node": ">=14.17"
			}
		}
	}
}
